schema: '2.0'
stages:
  model_1_transform:
    cmd: python src/model_1/transform/transform.py
    deps:
    - path: data/model_1/download/raw_data.parquet
      hash: md5
      md5: 8e1038fa23c592bbb6973d5bafd02f9c
      size: 95927
    outs:
    - path: data/model_1/transform/X_test.parquet
      hash: md5
      md5: d78cd704cbdb3c7171272f2bc3ffce53
      size: 18492
    - path: data/model_1/transform/X_train.parquet
      hash: md5
      md5: 3ba6087bd1481eb258a23b0fa314989d
      size: 56604
    - path: data/model_1/transform/y_test.parquet
      hash: md5
      md5: b2fa2624d9c382e07ef8c2051c38e58d
      size: 6505
    - path: data/model_1/transform/y_train.parquet
      hash: md5
      md5: 3ac079864448aaebd9189e4246ae7270
      size: 19572
  model_1_train:
    cmd: python src/model_1/train/train.py
    deps:
    - path: data/model_1/transform/X_test.parquet
      hash: md5
      md5: d78cd704cbdb3c7171272f2bc3ffce53
      size: 18492
    - path: data/model_1/transform/X_train.parquet
      hash: md5
      md5: 3ba6087bd1481eb258a23b0fa314989d
      size: 56604
    - path: data/model_1/transform/y_test.parquet
      hash: md5
      md5: b2fa2624d9c382e07ef8c2051c38e58d
      size: 6505
    - path: data/model_1/transform/y_train.parquet
      hash: md5
      md5: 3ac079864448aaebd9189e4246ae7270
      size: 19572
    outs:
    - path: data/model_1/metrics/metrics.json
      hash: md5
      md5: a4195984f9e22fb4f17db727290d115e
      size: 52
    - path: data/model_1/params/params.yaml
      hash: md5
      md5: 14fd36460cb5c1a1b666c0ea24290ccc
      size: 46
  model_2_transform:
    cmd: python src/model_2/transform/transform.py
    deps:
    - path: data/model_2/download/initial_data.csv
      hash: md5
      md5: 53f8aab5e42ac4132c1a086fe22bdef2
      size: 94310
    outs:
    - path: data/model_2/transform/prepared_data.csv
      hash: md5
      md5: 9baf10a3b757026d1f00c52dfbf7a718
      size: 90325
  model_2_train:
    cmd: python src/model_2/train/train.py
    deps:
    - path: data/model_2/transform/prepared_data.csv
      hash: md5
      md5: 9baf10a3b757026d1f00c52dfbf7a718
      size: 90325
    outs:
    - path: data/model_2/train/linear_model.pickle
      hash: md5
      md5: f1c7faa465166aa39431846a2ae94372
      size: 905
