schema: '2.0'
stages:
  model_1_transform:
    cmd: python src/model_1/transform/transform.py
    deps:
    - path: data/model_1/download/raw_data.parquet
      hash: md5
      md5: 5d2a8ced68e64d2115040a3d2ca46fb4
      size: 194213
    outs:
    - path: data/model_1/transform/X_test.parquet
      hash: md5
      md5: e6ca460c73b1f58a08ea2e7bda0233f2
      size: 32157
    - path: data/model_1/transform/X_train.parquet
      hash: md5
      md5: cfacba24efe2854f820b278df6264324
      size: 113080
    - path: data/model_1/transform/y_test.parquet
      hash: md5
      md5: d6e757b0815b4fb6d9272761fa0f759a
      size: 11176
    - path: data/model_1/transform/y_train.parquet
      hash: md5
      md5: 167522975ae65e691a43494669c46add
      size: 38951
  model_1_train:
    cmd: python src/model_1/train/train.py
    deps:
    - path: data/model_1/transform/X_test.parquet
      hash: md5
      md5: e6ca460c73b1f58a08ea2e7bda0233f2
      size: 32157
    - path: data/model_1/transform/X_train.parquet
      hash: md5
      md5: cfacba24efe2854f820b278df6264324
      size: 113080
    - path: data/model_1/transform/y_test.parquet
      hash: md5
      md5: d6e757b0815b4fb6d9272761fa0f759a
      size: 11176
    - path: data/model_1/transform/y_train.parquet
      hash: md5
      md5: 167522975ae65e691a43494669c46add
      size: 38951
    outs:
    - path: data/model_1/params/params.yaml
      hash: md5
      md5: c34962dd75fbc7cd5bdf2a6d2c3685a4
      size: 41
  model_2_transform:
    cmd: python src/model_2/transform/transform.py
    deps:
    - path: data/model_2/download/initial_data.csv
      hash: md5
      md5: 53f8aab5e42ac4132c1a086fe22bdef2
      size: 94310
    outs:
    - path: data/model_2/transform/prepared_data.csv
      hash: md5
      md5: 9baf10a3b757026d1f00c52dfbf7a718
      size: 90325
  model_2_train:
    cmd: python src/model_2/train/train.py
    deps:
    - path: data/model_2/transform/prepared_data.csv
      hash: md5
      md5: 9baf10a3b757026d1f00c52dfbf7a718
      size: 90325
    outs:
    - path: data/model_2/train/linear_model.pickle
      hash: md5
      md5: f1c7faa465166aa39431846a2ae94372
      size: 905
