schema: '2.0'
stages:
  model_1_transform:
    cmd: python src/model_1/transform/transform.py
    deps:
    - path: data/model_1/download/raw_data.parquet
      hash: md5
      md5: a7e7ecb5ef45a97bb50fd2479b621607
      size: 156130
    outs:
    - path: data/model_1/transform/X_test.parquet
      hash: md5
      md5: e76522b826b6bf98420f359a6bcbbbc1
      size: 26725
    - path: data/model_1/transform/X_train.parquet
      hash: md5
      md5: c4ff60f714054f5b3876b0a2e7e26ace
      size: 90687
    - path: data/model_1/transform/y_test.parquet
      hash: md5
      md5: ad268ffd9b92fab0d9e633f3187250f3
      size: 9340
    - path: data/model_1/transform/y_train.parquet
      hash: md5
      md5: d18fa411bc4489da76847a43a29a2c3a
      size: 31341
  model_1_train:
    cmd: python src/model_1/train/train.py
    deps:
    - path: data/model_1/transform/X_test.parquet
      hash: md5
      md5: e76522b826b6bf98420f359a6bcbbbc1
      size: 26725
    - path: data/model_1/transform/X_train.parquet
      hash: md5
      md5: c4ff60f714054f5b3876b0a2e7e26ace
      size: 90687
    - path: data/model_1/transform/y_test.parquet
      hash: md5
      md5: ad268ffd9b92fab0d9e633f3187250f3
      size: 9340
    - path: data/model_1/transform/y_train.parquet
      hash: md5
      md5: d18fa411bc4489da76847a43a29a2c3a
      size: 31341
    outs:
    - path: data/model_1/metrics/metrics.json
      hash: md5
      md5: b4a378546c31ae970efd0239111dfcac
      size: 53
    - path: data/model_1/params/params.yaml
      hash: md5
      md5: 05b093610254372a6ab2d8bf26277962
      size: 46
  model_2_transform:
    cmd: python src/model_2/transform/transform.py
    deps:
    - path: data/model_2/download/initial_data.csv
      hash: md5
      md5: 53f8aab5e42ac4132c1a086fe22bdef2
      size: 94310
    outs:
    - path: data/model_2/transform/prepared_data.csv
      hash: md5
      md5: 9baf10a3b757026d1f00c52dfbf7a718
      size: 90325
  model_2_train:
    cmd: python src/model_2/train/train.py
    deps:
    - path: data/model_2/transform/prepared_data.csv
      hash: md5
      md5: 9baf10a3b757026d1f00c52dfbf7a718
      size: 90325
    outs:
    - path: data/model_2/train/linear_model.pickle
      hash: md5
      md5: f1c7faa465166aa39431846a2ae94372
      size: 905
